
Microsoft Visual Studio Solution File, Format Version 12.00
# Visual Studio 15
VisualStudioVersion = 15.0.27130.2027
MinimumVisualStudioVersion = 10.0.40219.1
Project("{2150E333-8FDC-42A3-9474-1A3956D46DE8}") = "src", "src", "{210E34C0-B761-40E2-9CAB-4334F8D2A554}"
EndProject
Project("{2150E333-8FDC-42A3-9474-1A3956D46DE8}") = "Solution Items", "Solution Items", "{AB8C2CA6-915C-45A1-A4AA-BFA767B09F6C}"
EndProject
Project("{9A19103F-16F7-4668-BE54-9A1E7A4F7556}") = "Marvin.IDP", "src\Marvin.IDP\Marvin.IDP.csproj", "{8AC39DDC-647C-47B2-80A7-A66D4D55158D}"
EndProject
Project("{9A19103F-16F7-4668-BE54-9A1E7A4F7556}") = "ImageGallery.API", "src\ImageGallery.API\ImageGallery.API.csproj", "{3AB70664-FAA6-4984-AC44-1E7F42E22CFF}"
EndProject
Project("{9A19103F-16F7-4668-BE54-9A1E7A4F7556}") = "ImageGallery.Client", "src\ImageGallery.Client\ImageGallery.Client.csproj", "{EAAE9FD0-890C-478A-A09E-F1C6210CBE88}"
EndProject
Project("{9A19103F-16F7-4668-BE54-9A1E7A4F7556}") = "ImageGallery.Model", "src\ImageGallery.Model\ImageGallery.Model.csproj", "{67D35114-1C8C-4670-AF8C-9310B43CC5D4}"
EndProject
Project("{E24C65DC-7377-472B-9ABA-BC803B73C61A}") = "ImageGallery.AngularClient", "ImageGallery.AngularClient\", "{988C289E-9ED0-4207-B74B-60739A77B591}"
	ProjectSection(WebsiteProperties) = preProject
		TargetFrameworkMoniker = ".NETFramework,Version%3Dv4.6.1"
		Debug.AspNetCompiler.VirtualPath = "/localhost_56030"
		Debug.AspNetCompiler.PhysicalPath = "ImageGallery.AngularClient\"
		Debug.AspNetCompiler.TargetPath = "PrecompiledWeb\localhost_56030\"
		Debug.AspNetCompiler.Updateable = "true"
		Debug.AspNetCompiler.ForceOverwrite = "true"
		Debug.AspNetCompiler.FixedNames = "false"
		Debug.AspNetCompiler.Debug = "True"
		Release.AspNetCompiler.VirtualPath = "/localhost_56030"
		Release.AspNetCompiler.PhysicalPath = "ImageGallery.AngularClient\"
		Release.AspNetCompiler.TargetPath = "PrecompiledWeb\localhost_56030\"
		Release.AspNetCompiler.Updateable = "true"
		Release.AspNetCompiler.ForceOverwrite = "true"
		Release.AspNetCompiler.FixedNames = "false"
		Release.AspNetCompiler.Debug = "False"
		VWDPort = "56030"
		SlnRelativePath = "ImageGallery.AngularClient\"
		DefaultWebSiteLanguage = "Visual C#"
	EndProjectSection
EndProject
Global
	GlobalSection(SolutionConfigurationPlatforms) = preSolution
		Debug|Any CPU = Debug|Any CPU
		Release|Any CPU = Release|Any CPU
	EndGlobalSection
	GlobalSection(ProjectConfigurationPlatforms) = postSolution
		{8AC39DDC-647C-47B2-80A7-A66D4D55158D}.Debug|Any CPU.ActiveCfg = Debug|Any CPU
		{8AC39DDC-647C-47B2-80A7-A66D4D55158D}.Debug|Any CPU.Build.0 = Debug|Any CPU
		{8AC39DDC-647C-47B2-80A7-A66D4D55158D}.Release|Any CPU.ActiveCfg = Release|Any CPU
		{8AC39DDC-647C-47B2-80A7-A66D4D55158D}.Release|Any CPU.Build.0 = Release|Any CPU
		{3AB70664-FAA6-4984-AC44-1E7F42E22CFF}.Debug|Any CPU.ActiveCfg = Debug|Any CPU
		{3AB70664-FAA6-4984-AC44-1E7F42E22CFF}.Debug|Any CPU.Build.0 = Debug|Any CPU
		{3AB70664-FAA6-4984-AC44-1E7F42E22CFF}.Release|Any CPU.ActiveCfg = Release|Any CPU
		{3AB70664-FAA6-4984-AC44-1E7F42E22CFF}.Release|Any CPU.Build.0 = Release|Any CPU
		{EAAE9FD0-890C-478A-A09E-F1C6210CBE88}.Debug|Any CPU.ActiveCfg = Debug|Any CPU
		{EAAE9FD0-890C-478A-A09E-F1C6210CBE88}.Debug|Any CPU.Build.0 = Debug|Any CPU
		{EAAE9FD0-890C-478A-A09E-F1C6210CBE88}.Release|Any CPU.ActiveCfg = Release|Any CPU
		{EAAE9FD0-890C-478A-A09E-F1C6210CBE88}.Release|Any CPU.Build.0 = Release|Any CPU
		{67D35114-1C8C-4670-AF8C-9310B43CC5D4}.Debug|Any CPU.ActiveCfg = Debug|Any CPU
		{67D35114-1C8C-4670-AF8C-9310B43CC5D4}.Debug|Any CPU.Build.0 = Debug|Any CPU
		{67D35114-1C8C-4670-AF8C-9310B43CC5D4}.Release|Any CPU.ActiveCfg = Release|Any CPU
		{67D35114-1C8C-4670-AF8C-9310B43CC5D4}.Release|Any CPU.Build.0 = Release|Any CPU
		{988C289E-9ED0-4207-B74B-60739A77B591}.Debug|Any CPU.ActiveCfg = Debug|Any CPU
		{988C289E-9ED0-4207-B74B-60739A77B591}.Debug|Any CPU.Build.0 = Debug|Any CPU
		{988C289E-9ED0-4207-B74B-60739A77B591}.Release|Any CPU.ActiveCfg = Debug|Any CPU
		{988C289E-9ED0-4207-B74B-60739A77B591}.Release|Any CPU.Build.0 = Debug|Any CPU
	EndGlobalSection
	GlobalSection(SolutionProperties) = preSolution
		HideSolutionNode = FALSE
	EndGlobalSection
	GlobalSection(NestedProjects) = preSolution
		{8AC39DDC-647C-47B2-80A7-A66D4D55158D} = {210E34C0-B761-40E2-9CAB-4334F8D2A554}
		{3AB70664-FAA6-4984-AC44-1E7F42E22CFF} = {210E34C0-B761-40E2-9CAB-4334F8D2A554}
		{EAAE9FD0-890C-478A-A09E-F1C6210CBE88} = {210E34C0-B761-40E2-9CAB-4334F8D2A554}
		{67D35114-1C8C-4670-AF8C-9310B43CC5D4} = {210E34C0-B761-40E2-9CAB-4334F8D2A554}
		{988C289E-9ED0-4207-B74B-60739A77B591} = {210E34C0-B761-40E2-9CAB-4334F8D2A554}
	EndGlobalSection
	GlobalSection(ExtensibilityGlobals) = postSolution
		SolutionGuid = {372C22F8-19BC-4AC8-BAE9-3992D228E801}
	EndGlobalSection
EndGlobal
